
Microsoft Visual Studio Solution File, Format Version 12.00
# Visual Studio Version 17
VisualStudioVersion = 17.12.35707.178
MinimumVisualStudioVersion = 10.0.40219.1
Project("{2150E333-8FDC-42A3-9474-1A3956D46DE8}") = "Core", "Core", "{B519819A-41CF-4FBA-A22A-55DC7443E327}"
EndProject
Project("{2150E333-8FDC-42A3-9474-1A3956D46DE8}") = "Frontends", "Frontends", "{1DB2670A-F7A4-4850-B966-A4D19DBB6691}"
EndProject
Project("{2150E333-8FDC-42A3-9474-1A3956D46DE8}") = "Infrastructure", "Infrastructure", "{FF2D59B9-D085-4D07-A27C-A41990F10491}"
EndProject
Project("{2150E333-8FDC-42A3-9474-1A3956D46DE8}") = "Presentation", "Presentation", "{7EE60376-39DB-412A-A5C6-447272D7A38E}"
EndProject
Project("{2150E333-8FDC-42A3-9474-1A3956D46DE8}") = "Requirements", "Requirements", "{8574A304-A994-482D-9834-C37DD79723AD}"
EndProject
Project("{FAE04EC0-301F-11D3-BF4B-00C04F79EFBC}") = "MovieApi.Domain", "Core\MovieApi.Domain\MovieApi.Domain.csproj", "{5A538E08-3D4C-4F07-8E79-C51C7C584DB6}"
EndProject
Project("{FAE04EC0-301F-11D3-BF4B-00C04F79EFBC}") = "MovieApiProject.Persistence", "Infrastructure\MovieApiProject.Persistence\MovieApiProject.Persistence.csproj", "{4451A6AF-8DA9-494C-B7CC-A49EBC9F4FE0}"
EndProject
Project("{FAE04EC0-301F-11D3-BF4B-00C04F79EFBC}") = "MovieApiProject.WebApi", "Presentation\MovieApiProject.WebApi\MovieApiProject.WebApi.csproj", "{E85A88EB-8EC7-40DA-8811-A215936A0E2C}"
EndProject
Global
	GlobalSection(SolutionConfigurationPlatforms) = preSolution
		Debug|Any CPU = Debug|Any CPU
		Release|Any CPU = Release|Any CPU
	EndGlobalSection
	GlobalSection(ProjectConfigurationPlatforms) = postSolution
		{5A538E08-3D4C-4F07-8E79-C51C7C584DB6}.Debug|Any CPU.ActiveCfg = Debug|Any CPU
		{5A538E08-3D4C-4F07-8E79-C51C7C584DB6}.Debug|Any CPU.Build.0 = Debug|Any CPU
		{5A538E08-3D4C-4F07-8E79-C51C7C584DB6}.Release|Any CPU.ActiveCfg = Release|Any CPU
		{5A538E08-3D4C-4F07-8E79-C51C7C584DB6}.Release|Any CPU.Build.0 = Release|Any CPU
		{4451A6AF-8DA9-494C-B7CC-A49EBC9F4FE0}.Debug|Any CPU.ActiveCfg = Debug|Any CPU
		{4451A6AF-8DA9-494C-B7CC-A49EBC9F4FE0}.Debug|Any CPU.Build.0 = Debug|Any CPU
		{4451A6AF-8DA9-494C-B7CC-A49EBC9F4FE0}.Release|Any CPU.ActiveCfg = Release|Any CPU
		{4451A6AF-8DA9-494C-B7CC-A49EBC9F4FE0}.Release|Any CPU.Build.0 = Release|Any CPU
		{E85A88EB-8EC7-40DA-8811-A215936A0E2C}.Debug|Any CPU.ActiveCfg = Debug|Any CPU
		{E85A88EB-8EC7-40DA-8811-A215936A0E2C}.Debug|Any CPU.Build.0 = Debug|Any CPU
		{E85A88EB-8EC7-40DA-8811-A215936A0E2C}.Release|Any CPU.ActiveCfg = Release|Any CPU
		{E85A88EB-8EC7-40DA-8811-A215936A0E2C}.Release|Any CPU.Build.0 = Release|Any CPU
	EndGlobalSection
	GlobalSection(SolutionProperties) = preSolution
		HideSolutionNode = FALSE
	EndGlobalSection
	GlobalSection(NestedProjects) = preSolution
		{5A538E08-3D4C-4F07-8E79-C51C7C584DB6} = {B519819A-41CF-4FBA-A22A-55DC7443E327}
		{4451A6AF-8DA9-494C-B7CC-A49EBC9F4FE0} = {FF2D59B9-D085-4D07-A27C-A41990F10491}
		{E85A88EB-8EC7-40DA-8811-A215936A0E2C} = {7EE60376-39DB-412A-A5C6-447272D7A38E}
	EndGlobalSection
EndGlobal
